
Microsoft Visual Studio Solution File, Format Version 12.00
# Visual Studio Version 16
VisualStudioVersion = 25.0.1706.2
MinimumVisualStudioVersion = 10.0.40219.1
Project("{FAE04EC0-301F-11D3-BF4B-00C04F79EFBC}") = "ex01", "ex01\ex01.csproj", "{7BFBF11E-60D4-40F3-8C79-AAF157CDED17}"
EndProject
Global
	GlobalSection(SolutionConfigurationPlatforms) = preSolution
		Debug|Any CPU = Debug|Any CPU
		Release|Any CPU = Release|Any CPU
	EndGlobalSection
	GlobalSection(ProjectConfigurationPlatforms) = postSolution
		{7BFBF11E-60D4-40F3-8C79-AAF157CDED17}.Debug|Any CPU.ActiveCfg = Debug|Any CPU
		{7BFBF11E-60D4-40F3-8C79-AAF157CDED17}.Debug|Any CPU.Build.0 = Debug|Any CPU
		{7BFBF11E-60D4-40F3-8C79-AAF157CDED17}.Release|Any CPU.ActiveCfg = Release|Any CPU
		{7BFBF11E-60D4-40F3-8C79-AAF157CDED17}.Release|Any CPU.Build.0 = Release|Any CPU
	EndGlobalSection
	GlobalSection(SolutionProperties) = preSolution
		HideSolutionNode = FALSE
	EndGlobalSection
	GlobalSection(ExtensibilityGlobals) = postSolution
		SolutionGuid = {53B0E442-986E-4281-9A0C-65C22D56F293}
	EndGlobalSection
EndGlobal
