
Microsoft Visual Studio Solution File, Format Version 12.00
# Visual Studio Version 16
VisualStudioVersion = 25.0.1706.2
MinimumVisualStudioVersion = 10.0.40219.1
Project("{FAE04EC0-301F-11D3-BF4B-00C04F79EFBC}") = "ex02", "ex02\ex02.csproj", "{9F28A6CA-B0B8-4662-9331-18296FD11B4C}"
EndProject
Global
	GlobalSection(SolutionConfigurationPlatforms) = preSolution
		Debug|Any CPU = Debug|Any CPU
		Release|Any CPU = Release|Any CPU
	EndGlobalSection
	GlobalSection(ProjectConfigurationPlatforms) = postSolution
		{9F28A6CA-B0B8-4662-9331-18296FD11B4C}.Debug|Any CPU.ActiveCfg = Debug|Any CPU
		{9F28A6CA-B0B8-4662-9331-18296FD11B4C}.Debug|Any CPU.Build.0 = Debug|Any CPU
		{9F28A6CA-B0B8-4662-9331-18296FD11B4C}.Release|Any CPU.ActiveCfg = Release|Any CPU
		{9F28A6CA-B0B8-4662-9331-18296FD11B4C}.Release|Any CPU.Build.0 = Release|Any CPU
	EndGlobalSection
	GlobalSection(SolutionProperties) = preSolution
		HideSolutionNode = FALSE
	EndGlobalSection
	GlobalSection(ExtensibilityGlobals) = postSolution
		SolutionGuid = {170F2508-3F78-4942-9B52-9A9349A324D7}
	EndGlobalSection
EndGlobal
